{
  "requires": true,
  "lockfileVersion": 1,
  "dependencies": {
    "@hmscore/hms-js-account": {
      "version": "5.2.0-300",
      "resolved": "http://w3-beta.huawei.com:80/artifactory/api/npm/npm-all/@hmscore/hms-js-account/-/hms-js-account-5.2.0-300.tgz",
      "integrity": "sha1-Wx4ax20iDxcLGXJCE5Mfj8xVaQU="
    },
    "@hmscore/hms-js-base": {
      "version": "5.1.0-300",
      "resolved": "http://w3-beta.huawei.com:80/artifactory/api/npm/npm-all/@hmscore/hms-js-base/-/hms-js-base-5.1.0-300.tgz",
      "integrity": "sha1-25vIAkq+vVcDKB6fncQrHZ64AuI="
    },
    "base64-js": {
      "version": "1.5.1",
      "resolved": "http://w3-beta.huawei.com:80/artifactory/api/npm/npm-all/base64-js/-/base64-js-1.5.1.tgz",
      "integrity": "sha1-GxtEAWClv3rUC2UPCVljSBkDkwo="
    }
  }
}
